// !$*UTF8*$!
{
	archiveVersion = 1;
	classes = {
	};
	objectVersion = 77;
	objects = {

/* Begin PBXBuildFile section */
		01139A55B4F8E48032C00D97 /* APIClient.swift in Sources */ = {isa = PBXBuildFile; fileRef = EFBA1F6B73A3971AC1C7B1EF /* APIClient.swift */; };
		02F50EBE4CB0C1A6C95251DE /* AuthStore.swift in Sources */ = {isa = PBXBuildFile; fileRef = CE4A25B49C902753E5868771 /* AuthStore.swift */; };
		0E4448E26AA3755680A4DA88 /* AuthView.swift in Sources */ = {isa = PBXBuildFile; fileRef = B011B2C80FFC0E7A2D6D7E0E /* AuthView.swift */; };
		1D07EC30F30D5A4C823CF76E /* WalkieTalkApp.swift in Sources */ = {isa = PBXBuildFile; fileRef = A5F3744AD1E60945B51DF72B /* WalkieTalkApp.swift */; };
		23346A92CB7603CFA026410C /* ChannelView.swift in Sources */ = {isa = PBXBuildFile; fileRef = F811E813307335748D651177 /* ChannelView.swift */; };
		26378E6B8A1E7329F2F9DED1 /* Models.swift in Sources */ = {isa = PBXBuildFile; fileRef = 936D74376E13BDEA54AB8631 /* Models.swift */; };
		7150065BF9B0DD9BB4C96E54 /* AuthAPI.swift in Sources */ = {isa = PBXBuildFile; fileRef = 5B3CBC291DD1445735CFE7A1 /* AuthAPI.swift */; };
		7A59E2162D5CF0ACE70389AE /* ChannelsAPI.swift in Sources */ = {isa = PBXBuildFile; fileRef = 01F181F96A73FA5EE298F6EA /* ChannelsAPI.swift */; };
		92D8E88B92CBC0AF80FABFE9 /* KeychainStore.swift in Sources */ = {isa = PBXBuildFile; fileRef = B96FA64A6F85BC0B152DF820 /* KeychainStore.swift */; };
		AF4EEA8DCFF56C73B31569E4 /* Assets.xcassets in Resources */ = {isa = PBXBuildFile; fileRef = 41375E7E651BFF1644388BD9 /* Assets.xcassets */; };
		BC59AD9C38AFDC6FD65BF054 /* ChannelsListView.swift in Sources */ = {isa = PBXBuildFile; fileRef = 78CB15BC433CEBE6AC7C6676 /* ChannelsListView.swift */; };
		D1A15B8E031BB2A193F13542 /* RootView.swift in Sources */ = {isa = PBXBuildFile; fileRef = B6F3FDE8AE370D5BBAA5BAE4 /* RootView.swift */; };
		DED0878D68F2F36E71990AB3 /* RoomController.swift in Sources */ = {isa = PBXBuildFile; fileRef = 05D08D29E4A716B594BF8C4B /* RoomController.swift */; };
		E994C36897B89EA153D3F109 /* AudioSessionController.swift in Sources */ = {isa = PBXBuildFile; fileRef = B5B4EBAE359BBEA53D73CC6F /* AudioSessionController.swift */; };
		F785D2AA497D5E45185ECA9C /* LiveKit in Frameworks */ = {isa = PBXBuildFile; productRef = 13CB11F03C168925060FFCF6 /* LiveKit */; };
/* End PBXBuildFile section */

/* Begin PBXFileReference section */
		01F181F96A73FA5EE298F6EA /* ChannelsAPI.swift */ = {isa = PBXFileReference; lastKnownFileType = sourcecode.swift; path = ChannelsAPI.swift; sourceTree = "<group>"; };
		05D08D29E4A716B594BF8C4B /* RoomController.swift */ = {isa = PBXFileReference; lastKnownFileType = sourcecode.swift; path = RoomController.swift; sourceTree = "<group>"; };
		399950134AF9E276A76F4E5D /* Info.plist */ = {isa = PBXFileReference; lastKnownFileType = text.plist; path = Info.plist; sourceTree = "<group>"; };
		41375E7E651BFF1644388BD9 /* Assets.xcassets */ = {isa = PBXFileReference; lastKnownFileType = folder.assetcatalog; path = Assets.xcassets; sourceTree = "<group>"; };
		5B3CBC291DD1445735CFE7A1 /* AuthAPI.swift */ = {isa = PBXFileReference; lastKnownFileType = sourcecode.swift; path = AuthAPI.swift; sourceTree = "<group>"; };
		68379BAA8D014BE15222F502 /* Debug.xcconfig */ = {isa = PBXFileReference; lastKnownFileType = text.xcconfig; path = Debug.xcconfig; sourceTree = "<group>"; };
		78CB15BC433CEBE6AC7C6676 /* ChannelsListView.swift */ = {isa = PBXFileReference; lastKnownFileType = sourcecode.swift; path = ChannelsListView.swift; sourceTree = "<group>"; };
		936D74376E13BDEA54AB8631 /* Models.swift */ = {isa = PBXFileReference; lastKnownFileType = sourcecode.swift; path = Models.swift; sourceTree = "<group>"; };
		A5F3744AD1E60945B51DF72B /* WalkieTalkApp.swift */ = {isa = PBXFileReference; lastKnownFileType = sourcecode.swift; path = WalkieTalkApp.swift; sourceTree = "<group>"; };
		B011B2C80FFC0E7A2D6D7E0E /* AuthView.swift */ = {isa = PBXFileReference; lastKnownFileType = sourcecode.swift; path = AuthView.swift; sourceTree = "<group>"; };
		B5B4EBAE359BBEA53D73CC6F /* AudioSessionController.swift */ = {isa = PBXFileReference; lastKnownFileType = sourcecode.swift; path = AudioSessionController.swift; sourceTree = "<group>"; };
		B6F3FDE8AE370D5BBAA5BAE4 /* RootView.swift */ = {isa = PBXFileReference; lastKnownFileType = sourcecode.swift; path = RootView.swift; sourceTree = "<group>"; };
		B96FA64A6F85BC0B152DF820 /* KeychainStore.swift */ = {isa = PBXFileReference; lastKnownFileType = sourcecode.swift; path = KeychainStore.swift; sourceTree = "<group>"; };
		CAE3F4A8F2A2F9FEE047247A /* WalkieTalk.app */ = {isa = PBXFileReference; includeInIndex = 0; lastKnownFileType = wrapper.application; path = WalkieTalk.app; sourceTree = BUILT_PRODUCTS_DIR; };
		CE4A25B49C902753E5868771 /* AuthStore.swift */ = {isa = PBXFileReference; lastKnownFileType = sourcecode.swift; path = AuthStore.swift; sourceTree = "<group>"; };
		CFB7593AF1F145B3378FA564 /* Release.xcconfig */ = {isa = PBXFileReference; lastKnownFileType = text.xcconfig; path = Release.xcconfig; sourceTree = "<group>"; };
		EFBA1F6B73A3971AC1C7B1EF /* APIClient.swift */ = {isa = PBXFileReference; lastKnownFileType = sourcecode.swift; path = APIClient.swift; sourceTree = "<group>"; };
		F811E813307335748D651177 /* ChannelView.swift */ = {isa = PBXFileReference; lastKnownFileType = sourcecode.swift; path = ChannelView.swift; sourceTree = "<group>"; };
/* End PBXFileReference section */

/* Begin PBXFrameworksBuildPhase section */
		97BA32AA727E97E479502102 /* Frameworks */ = {
			isa = PBXFrameworksBuildPhase;
			buildActionMask = 2147483647;
			files = (
				F785D2AA497D5E45185ECA9C /* LiveKit in Frameworks */,
			);
			runOnlyForDeploymentPostprocessing = 0;
		};
/* End PBXFrameworksBuildPhase section */

/* Begin PBXGroup section */
		4B3BEE6D8FD787AE8B6DD5B2 /* Storage */ = {
			isa = PBXGroup;
			children = (
				CE4A25B49C902753E5868771 /* AuthStore.swift */,
				B96FA64A6F85BC0B152DF820 /* KeychainStore.swift */,
			);
			path = Storage;
			sourceTree = "<group>";
		};
		4CBCF4986878C1FC8787B6AD /* WalkieTalk */ = {
			isa = PBXGroup;
			children = (
				41375E7E651BFF1644388BD9 /* Assets.xcassets */,
				399950134AF9E276A76F4E5D /* Info.plist */,
				A5F3744AD1E60945B51DF72B /* WalkieTalkApp.swift */,
				D28BE19B92939BB2D538C1DF /* Audio */,
				5F0BA519DD5FBF185580CCEC /* Config */,
				B7508EEAFFD3BF21BDD75D15 /* Models */,
				63A462043DCA267CD74A2E47 /* Networking */,
				4B3BEE6D8FD787AE8B6DD5B2 /* Storage */,
				8C431ED6E84C89422BDDAC27 /* Views */,
				7D13B598A597546C15445781 /* Voice */,
			);
			path = WalkieTalk;
			sourceTree = "<group>";
		};
		5F0BA519DD5FBF185580CCEC /* Config */ = {
			isa = PBXGroup;
			children = (
				68379BAA8D014BE15222F502 /* Debug.xcconfig */,
				CFB7593AF1F145B3378FA564 /* Release.xcconfig */,
			);
			path = Config;
			sourceTree = "<group>";
		};
		63A462043DCA267CD74A2E47 /* Networking */ = {
			isa = PBXGroup;
			children = (
				EFBA1F6B73A3971AC1C7B1EF /* APIClient.swift */,
				5B3CBC291DD1445735CFE7A1 /* AuthAPI.swift */,
				01F181F96A73FA5EE298F6EA /* ChannelsAPI.swift */,
			);
			path = Networking;
			sourceTree = "<group>";
		};
		7D13B598A597546C15445781 /* Voice */ = {
			isa = PBXGroup;
			children = (
				05D08D29E4A716B594BF8C4B /* RoomController.swift */,
			);
			path = Voice;
			sourceTree = "<group>";
		};
		83F73F78729B38A08E268BEC = {
			isa = PBXGroup;
			children = (
				4CBCF4986878C1FC8787B6AD /* WalkieTalk */,
				B330542480A6EA4185B677CB /* Products */,
			);
			sourceTree = "<group>";
		};
		8C431ED6E84C89422BDDAC27 /* Views */ = {
			isa = PBXGroup;
			children = (
				B011B2C80FFC0E7A2D6D7E0E /* AuthView.swift */,
				78CB15BC433CEBE6AC7C6676 /* ChannelsListView.swift */,
				F811E813307335748D651177 /* ChannelView.swift */,
				B6F3FDE8AE370D5BBAA5BAE4 /* RootView.swift */,
			);
			path = Views;
			sourceTree = "<group>";
		};
		B330542480A6EA4185B677CB /* Products */ = {
			isa = PBXGroup;
			children = (
				CAE3F4A8F2A2F9FEE047247A /* WalkieTalk.app */,
			);
			name = Products;
			sourceTree = "<group>";
		};
		B7508EEAFFD3BF21BDD75D15 /* Models */ = {
			isa = PBXGroup;
			children = (
				936D74376E13BDEA54AB8631 /* Models.swift */,
			);
			path = Models;
			sourceTree = "<group>";
		};
		D28BE19B92939BB2D538C1DF /* Audio */ = {
			isa = PBXGroup;
			children = (
				B5B4EBAE359BBEA53D73CC6F /* AudioSessionController.swift */,
			);
			path = Audio;
			sourceTree = "<group>";
		};
/* End PBXGroup section */

/* Begin PBXNativeTarget section */
		B9BA9D5D446CFB6DBABCA3A7 /* WalkieTalk */ = {
			isa = PBXNativeTarget;
			buildConfigurationList = 58F4BB3C4DCE7EC438087A8B /* Build configuration list for PBXNativeTarget "WalkieTalk" */;
			buildPhases = (
				B8A7F02D0BF5B983738C6F6E /* Sources */,
				394942C18572C57F1D465189 /* Resources */,
				97BA32AA727E97E479502102 /* Frameworks */,
			);
			buildRules = (
			);
			dependencies = (
			);
			name = WalkieTalk;
			packageProductDependencies = (
				13CB11F03C168925060FFCF6 /* LiveKit */,
			);
			productName = WalkieTalk;
			productReference = CAE3F4A8F2A2F9FEE047247A /* WalkieTalk.app */;
			productType = "com.apple.product-type.application";
		};
/* End PBXNativeTarget section */

/* Begin PBXProject section */
		2E321E556BEF952C90F42CC9 /* Project object */ = {
			isa = PBXProject;
			attributes = {
				BuildIndependentTargetsInParallel = YES;
				LastUpgradeCheck = 1430;
				TargetAttributes = {
					B9BA9D5D446CFB6DBABCA3A7 = {
						DevelopmentTeam = "";
						ProvisioningStyle = Automatic;
					};
				};
			};
			buildConfigurationList = 81C2A999644C7F613B716502 /* Build configuration list for PBXProject "WalkieTalk" */;
			developmentRegion = en;
			hasScannedForEncodings = 0;
			knownRegions = (
				Base,
				en,
			);
			mainGroup = 83F73F78729B38A08E268BEC;
			minimizedProjectReferenceProxies = 1;
			packageReferences = (
				41FE945179D05988D688CDC3 /* XCRemoteSwiftPackageReference "client-sdk-swift" */,
			);
			preferredProjectObjectVersion = 77;
			productRefGroup = B330542480A6EA4185B677CB /* Products */;
			projectDirPath = "";
			projectRoot = "";
			targets = (
				B9BA9D5D446CFB6DBABCA3A7 /* WalkieTalk */,
			);
		};
/* End PBXProject section */

/* Begin PBXResourcesBuildPhase section */
		394942C18572C57F1D465189 /* Resources */ = {
			isa = PBXResourcesBuildPhase;
			buildActionMask = 2147483647;
			files = (
				AF4EEA8DCFF56C73B31569E4 /* Assets.xcassets in Resources */,
			);
			runOnlyForDeploymentPostprocessing = 0;
		};
/* End PBXResourcesBuildPhase section */

/* Begin PBXSourcesBuildPhase section */
		B8A7F02D0BF5B983738C6F6E /* Sources */ = {
			isa = PBXSourcesBuildPhase;
			buildActionMask = 2147483647;
			files = (
				01139A55B4F8E48032C00D97 /* APIClient.swift in Sources */,
				E994C36897B89EA153D3F109 /* AudioSessionController.swift in Sources */,
				7150065BF9B0DD9BB4C96E54 /* AuthAPI.swift in Sources */,
				02F50EBE4CB0C1A6C95251DE /* AuthStore.swift in Sources */,
				0E4448E26AA3755680A4DA88 /* AuthView.swift in Sources */,
				23346A92CB7603CFA026410C /* ChannelView.swift in Sources */,
				7A59E2162D5CF0ACE70389AE /* ChannelsAPI.swift in Sources */,
				BC59AD9C38AFDC6FD65BF054 /* ChannelsListView.swift in Sources */,
				92D8E88B92CBC0AF80FABFE9 /* KeychainStore.swift in Sources */,
				26378E6B8A1E7329F2F9DED1 /* Models.swift in Sources */,
				DED0878D68F2F36E71990AB3 /* RoomController.swift in Sources */,
				D1A15B8E031BB2A193F13542 /* RootView.swift in Sources */,
				1D07EC30F30D5A4C823CF76E /* WalkieTalkApp.swift in Sources */,
			);
			runOnlyForDeploymentPostprocessing = 0;
		};
/* End PBXSourcesBuildPhase section */

/* Begin XCBuildConfiguration section */
		124A389B628F51BC5B393134 /* Release */ = {
			isa = XCBuildConfiguration;
			baseConfigurationReference = CFB7593AF1F145B3378FA564 /* Release.xcconfig */;
			buildSettings = {
				ALWAYS_SEARCH_USER_PATHS = NO;
				CLANG_ANALYZER_NONNULL = YES;
				CLANG_ANALYZER_NUMBER_OBJECT_CONVERSION = YES_AGGRESSIVE;
				CLANG_CXX_LANGUAGE_STANDARD = "gnu++14";
				CLANG_CXX_LIBRARY = "libc++";
				CLANG_ENABLE_MODULES = YES;
				CLANG_ENABLE_OBJC_ARC = YES;
				CLANG_ENABLE_OBJC_WEAK = YES;
				CLANG_WARN_BLOCK_CAPTURE_AUTORELEASING = YES;
				CLANG_WARN_BOOL_CONVERSION = YES;
				CLANG_WARN_COMMA = YES;
				CLANG_WARN_CONSTANT_CONVERSION = YES;
				CLANG_WARN_DEPRECATED_OBJC_IMPLEMENTATIONS = YES;
				CLANG_WARN_DIRECT_OBJC_ISA_USAGE = YES_ERROR;
				CLANG_WARN_DOCUMENTATION_COMMENTS = YES;
				CLANG_WARN_EMPTY_BODY = YES;
				CLANG_WARN_ENUM_CONVERSION = YES;
				CLANG_WARN_INFINITE_RECURSION = YES;
				CLANG_WARN_INT_CONVERSION = YES;
				CLANG_WARN_NON_LITERAL_NULL_CONVERSION = YES;
				CLANG_WARN_OBJC_IMPLICIT_RETAIN_SELF = YES;
				CLANG_WARN_OBJC_LITERAL_CONVERSION = YES;
				CLANG_WARN_OBJC_ROOT_CLASS = YES_ERROR;
				CLANG_WARN_QUOTED_INCLUDE_IN_FRAMEWORK_HEADER = YES;
				CLANG_WARN_RANGE_LOOP_ANALYSIS = YES;
				CLANG_WARN_STRICT_PROTOTYPES = YES;
				CLANG_WARN_SUSPICIOUS_MOVE = YES;
				CLANG_WARN_UNGUARDED_AVAILABILITY = YES_AGGRESSIVE;
				CLANG_WARN_UNREACHABLE_CODE = YES;
				CLANG_WARN__DUPLICATE_METHOD_MATCH = YES;
				CODE_SIGN_STYLE = Automatic;
				COPY_PHASE_STRIP = NO;
				DEBUG_INFORMATION_FORMAT = "dwarf-with-dsym";
				DEVELOPMENT_TEAM = "";
				ENABLE_NS_ASSERTIONS = NO;
				ENABLE_STRICT_OBJC_MSGSEND = YES;
				ENABLE_USER_SCRIPT_SANDBOXING = NO;
				GCC_C_LANGUAGE_STANDARD = gnu11;
				GCC_NO_COMMON_BLOCKS = YES;
				GCC_WARN_64_TO_32_BIT_CONVERSION = YES;
				GCC_WARN_ABOUT_RETURN_TYPE = YES_ERROR;
				GCC_WARN_UNDECLARED_SELECTOR = YES;
				GCC_WARN_UNINITIALIZED_AUTOS = YES_AGGRESSIVE;
				GCC_WARN_UNUSED_FUNCTION = YES;
				GCC_WARN_UNUSED_VARIABLE = YES;
				MTL_ENABLE_DEBUG_INFO = NO;
				MTL_FAST_MATH = YES;
				SDKROOT = iphoneos;
				SWIFT_COMPILATION_MODE = wholemodule;
				SWIFT_VERSION = 5.9;
			};
			name = Release;
		};
		7581F0DEFAAE6BF1A04D2875 /* Debug */ = {
			isa = XCBuildConfiguration;
			baseConfigurationReference = 68379BAA8D014BE15222F502 /* Debug.xcconfig */;
			buildSettings = {
				ASSETCATALOG_COMPILER_APPICON_NAME = AppIcon;
				CODE_SIGN_IDENTITY = "iPhone Developer";
				GENERATE_INFOPLIST_FILE = NO;
				INFOPLIST_FILE = WalkieTalk/Info.plist;
				IPHONEOS_DEPLOYMENT_TARGET = 17.0;
				LD_RUNPATH_SEARCH_PATHS = (
					"$(inherited)",
					"@executable_path/Frameworks",
				);
				PRODUCT_BUNDLE_IDENTIFIER = com.adrian.walkietalkie;
				PRODUCT_NAME = WalkieTalk;
				SDKROOT = iphoneos;
				SWIFT_EMIT_LOC_STRINGS = YES;
				TARGETED_DEVICE_FAMILY = 1;
			};
			name = Debug;
		};
		BDB3371CA549E64A0A72D869 /* Debug */ = {
			isa = XCBuildConfiguration;
			baseConfigurationReference = 68379BAA8D014BE15222F502 /* Debug.xcconfig */;
			buildSettings = {
				ALWAYS_SEARCH_USER_PATHS = NO;
				CLANG_ANALYZER_NONNULL = YES;
				CLANG_ANALYZER_NUMBER_OBJECT_CONVERSION = YES_AGGRESSIVE;
				CLANG_CXX_LANGUAGE_STANDARD = "gnu++14";
				CLANG_CXX_LIBRARY = "libc++";
				CLANG_ENABLE_MODULES = YES;
				CLANG_ENABLE_OBJC_ARC = YES;
				CLANG_ENABLE_OBJC_WEAK = YES;
				CLANG_WARN_BLOCK_CAPTURE_AUTORELEASING = YES;
				CLANG_WARN_BOOL_CONVERSION = YES;
				CLANG_WARN_COMMA = YES;
				CLANG_WARN_CONSTANT_CONVERSION = YES;
				CLANG_WARN_DEPRECATED_OBJC_IMPLEMENTATIONS = YES;
				CLANG_WARN_DIRECT_OBJC_ISA_USAGE = YES_ERROR;
				CLANG_WARN_DOCUMENTATION_COMMENTS = YES;
				CLANG_WARN_EMPTY_BODY = YES;
				CLANG_WARN_ENUM_CONVERSION = YES;
				CLANG_WARN_INFINITE_RECURSION = YES;
				CLANG_WARN_INT_CONVERSION = YES;
				CLANG_WARN_NON_LITERAL_NULL_CONVERSION = YES;
				CLANG_WARN_OBJC_IMPLICIT_RETAIN_SELF = YES;
				CLANG_WARN_OBJC_LITERAL_CONVERSION = YES;
				CLANG_WARN_OBJC_ROOT_CLASS = YES_ERROR;
				CLANG_WARN_QUOTED_INCLUDE_IN_FRAMEWORK_HEADER = YES;
				CLANG_WARN_RANGE_LOOP_ANALYSIS = YES;
				CLANG_WARN_STRICT_PROTOTYPES = YES;
				CLANG_WARN_SUSPICIOUS_MOVE = YES;
				CLANG_WARN_UNGUARDED_AVAILABILITY = YES_AGGRESSIVE;
				CLANG_WARN_UNREACHABLE_CODE = YES;
				CLANG_WARN__DUPLICATE_METHOD_MATCH = YES;
				CODE_SIGN_STYLE = Automatic;
				COPY_PHASE_STRIP = NO;
				DEBUG_INFORMATION_FORMAT = dwarf;
				DEVELOPMENT_TEAM = "";
				ENABLE_STRICT_OBJC_MSGSEND = YES;
				ENABLE_TESTABILITY = YES;
				ENABLE_USER_SCRIPT_SANDBOXING = NO;
				GCC_C_LANGUAGE_STANDARD = gnu11;
				GCC_DYNAMIC_NO_PIC = NO;
				GCC_NO_COMMON_BLOCKS = YES;
				GCC_OPTIMIZATION_LEVEL = 0;
				GCC_PREPROCESSOR_DEFINITIONS = (
					"$(inherited)",
					"DEBUG=1",
				);
				GCC_WARN_64_TO_32_BIT_CONVERSION = YES;
				GCC_WARN_ABOUT_RETURN_TYPE = YES_ERROR;
				GCC_WARN_UNDECLARED_SELECTOR = YES;
				GCC_WARN_UNINITIALIZED_AUTOS = YES_AGGRESSIVE;
				GCC_WARN_UNUSED_FUNCTION = YES;
				GCC_WARN_UNUSED_VARIABLE = YES;
				MTL_ENABLE_DEBUG_INFO = INCLUDE_SOURCE;
				MTL_FAST_MATH = YES;
				ONLY_ACTIVE_ARCH = YES;
				SDKROOT = iphoneos;
				SWIFT_OPTIMIZATION_LEVEL = "-Onone";
				SWIFT_VERSION = 5.9;
			};
			name = Debug;
		};
		DFBA3CF45960F94C518516A9 /* Release */ = {
			isa = XCBuildConfiguration;
			baseConfigurationReference = CFB7593AF1F145B3378FA564 /* Release.xcconfig */;
			buildSettings = {
				ASSETCATALOG_COMPILER_APPICON_NAME = AppIcon;
				CODE_SIGN_IDENTITY = "iPhone Developer";
				GENERATE_INFOPLIST_FILE = NO;
				INFOPLIST_FILE = WalkieTalk/Info.plist;
				IPHONEOS_DEPLOYMENT_TARGET = 17.0;
				LD_RUNPATH_SEARCH_PATHS = (
					"$(inherited)",
					"@executable_path/Frameworks",
				);
				PRODUCT_BUNDLE_IDENTIFIER = com.adrian.walkietalkie;
				PRODUCT_NAME = WalkieTalk;
				SDKROOT = iphoneos;
				SWIFT_EMIT_LOC_STRINGS = YES;
				TARGETED_DEVICE_FAMILY = 1;
			};
			name = Release;
		};
/* End XCBuildConfiguration section */

/* Begin XCConfigurationList section */
		58F4BB3C4DCE7EC438087A8B /* Build configuration list for PBXNativeTarget "WalkieTalk" */ = {
			isa = XCConfigurationList;
			buildConfigurations = (
				7581F0DEFAAE6BF1A04D2875 /* Debug */,
				DFBA3CF45960F94C518516A9 /* Release */,
			);
			defaultConfigurationIsVisible = 0;
			defaultConfigurationName = Debug;
		};
		81C2A999644C7F613B716502 /* Build configuration list for PBXProject "WalkieTalk" */ = {
			isa = XCConfigurationList;
			buildConfigurations = (
				BDB3371CA549E64A0A72D869 /* Debug */,
				124A389B628F51BC5B393134 /* Release */,
			);
			defaultConfigurationIsVisible = 0;
			defaultConfigurationName = Debug;
		};
/* End XCConfigurationList section */

/* Begin XCRemoteSwiftPackageReference section */
		41FE945179D05988D688CDC3 /* XCRemoteSwiftPackageReference "client-sdk-swift" */ = {
			isa = XCRemoteSwiftPackageReference;
			repositoryURL = "https://github.com/livekit/client-sdk-swift";
			requirement = {
				kind = upToNextMajorVersion;
				minimumVersion = 2.0.0;
			};
		};
/* End XCRemoteSwiftPackageReference section */

/* Begin XCSwiftPackageProductDependency section */
		13CB11F03C168925060FFCF6 /* LiveKit */ = {
			isa = XCSwiftPackageProductDependency;
			package = 41FE945179D05988D688CDC3 /* XCRemoteSwiftPackageReference "client-sdk-swift" */;
			productName = LiveKit;
		};
/* End XCSwiftPackageProductDependency section */
	};
	rootObject = 2E321E556BEF952C90F42CC9 /* Project object */;
}
